
Microsoft Visual Studio Solution File, Format Version 12.00
# Visual Studio Version 16
VisualStudioVersion = 16.0.29424.173
MinimumVisualStudioVersion = 10.0.40219.1
Project("{FAE04EC0-301F-11D3-BF4B-00C04F79EFBC}") = "2DArray-DS", "2DArray-DS.csproj", "{DD3D7245-A5B7-4092-BBE1-312E44AB225C}"
EndProject
Global
	GlobalSection(SolutionConfigurationPlatforms) = preSolution
		Debug|Any CPU = Debug|Any CPU
		Release|Any CPU = Release|Any CPU
	EndGlobalSection
	GlobalSection(ProjectConfigurationPlatforms) = postSolution
		{DD3D7245-A5B7-4092-BBE1-312E44AB225C}.Debug|Any CPU.ActiveCfg = Debug|Any CPU
		{DD3D7245-A5B7-4092-BBE1-312E44AB225C}.Debug|Any CPU.Build.0 = Debug|Any CPU
		{DD3D7245-A5B7-4092-BBE1-312E44AB225C}.Release|Any CPU.ActiveCfg = Release|Any CPU
		{DD3D7245-A5B7-4092-BBE1-312E44AB225C}.Release|Any CPU.Build.0 = Release|Any CPU
	EndGlobalSection
	GlobalSection(SolutionProperties) = preSolution
		HideSolutionNode = FALSE
	EndGlobalSection
	GlobalSection(ExtensibilityGlobals) = postSolution
		SolutionGuid = {4CB05109-C95D-44D3-904A-70B53F9CB778}
	EndGlobalSection
EndGlobal
